
Microsoft Visual Studio Solution File, Format Version 12.00
# Visual Studio Version 16
VisualStudioVersion = 16.0.29613.14
MinimumVisualStudioVersion = 10.0.40219.1
Project("{FAE04EC0-301F-11D3-BF4B-00C04F79EFBC}") = "MoleXiangqi", "MoleXiangqi.csproj", "{B43336AB-FD37-4002-A6C1-368D496ECB7A}"
EndProject
Global
	GlobalSection(SolutionConfigurationPlatforms) = preSolution
		Debug|Any CPU = Debug|Any CPU
		Release|Any CPU = Release|Any CPU
	EndGlobalSection
	GlobalSection(ProjectConfigurationPlatforms) = postSolution
		{B43336AB-FD37-4002-A6C1-368D496ECB7A}.Debug|Any CPU.ActiveCfg = Debug|Any CPU
		{B43336AB-FD37-4002-A6C1-368D496ECB7A}.Debug|Any CPU.Build.0 = Debug|Any CPU
		{B43336AB-FD37-4002-A6C1-368D496ECB7A}.Release|Any CPU.ActiveCfg = Release|Any CPU
		{B43336AB-FD37-4002-A6C1-368D496ECB7A}.Release|Any CPU.Build.0 = Release|Any CPU
	EndGlobalSection
	GlobalSection(SolutionProperties) = preSolution
		HideSolutionNode = FALSE
	EndGlobalSection
	GlobalSection(ExtensibilityGlobals) = postSolution
		SolutionGuid = {92C35220-19D6-43B8-B495-A7AB3B6EAB6C}
	EndGlobalSection
EndGlobal
